
Microsoft Visual Studio Solution File, Format Version 12.00
# Visual Studio Version 17
VisualStudioVersion = 17.1.32210.238
MinimumVisualStudioVersion = 10.0.40219.1
Project("{FAE04EC0-301F-11D3-BF4B-00C04F79EFBC}") = "Chat Application", "Chat Application.csproj", "{272F0A72-A14A-4194-AC97-6C52F29599EF}"
EndProject
Global
	GlobalSection(SolutionConfigurationPlatforms) = preSolution
		Debug|Any CPU = Debug|Any CPU
		Release|Any CPU = Release|Any CPU
	EndGlobalSection
	GlobalSection(ProjectConfigurationPlatforms) = postSolution
		{272F0A72-A14A-4194-AC97-6C52F29599EF}.Debug|Any CPU.ActiveCfg = Debug|Any CPU
		{272F0A72-A14A-4194-AC97-6C52F29599EF}.Debug|Any CPU.Build.0 = Debug|Any CPU
		{272F0A72-A14A-4194-AC97-6C52F29599EF}.Release|Any CPU.ActiveCfg = Release|Any CPU
		{272F0A72-A14A-4194-AC97-6C52F29599EF}.Release|Any CPU.Build.0 = Release|Any CPU
	EndGlobalSection
	GlobalSection(SolutionProperties) = preSolution
		HideSolutionNode = FALSE
	EndGlobalSection
	GlobalSection(ExtensibilityGlobals) = postSolution
		SolutionGuid = {34106611-9030-4584-AC63-01EDDD31087A}
	EndGlobalSection
EndGlobal
